Microsoft Visual Studio Solution File, Format Version 11.00
# Visual Studio 2008

Project("{5BF76874-69F9-6C0A-2CCD-3BF277B5F185}") = "DrzwiUPUPCiabas", "Assembly-CSharp-firstpass.csproj", "{0F1E3B7C-2DD8-8A0B-317C-20A9922512E0}"
EndProject
Project("{5BF76874-69F9-6C0A-2CCD-3BF277B5F185}") = "DrzwiUPUPCiabas", "Assembly-CSharp.csproj", "{8B0B8D83-805E-9032-0531-9E530A9A0CBE}"
EndProject
Project("{5BF76874-69F9-6C0A-2CCD-3BF277B5F185}") = "DrzwiUPUPCiabas", "Assembly-UnityScript-firstpass.unityproj", "{0DB854C4-EA3F-A443-0F47-EA9F8C43D422}"
EndProject
Project("{5BF76874-69F9-6C0A-2CCD-3BF277B5F185}") = "DrzwiUPUPCiabas", "Assembly-UnityScript.unityproj", "{D9F6ABFC-4FBE-E47D-2527-AA19A22D05D5}"
EndProject
Global
	GlobalSection(SolutionConfigurationPlatforms) = preSolution
		Debug|Any CPU = Debug|Any CPU
		Release|Any CPU = Release|Any CPU
	EndGlobalSection
	GlobalSection(ProjectConfigurationPlatforms) = postSolution
		{0F1E3B7C-2DD8-8A0B-317C-20A9922512E0}.Debug|Any CPU.ActiveCfg = Debug|Any CPU
		{0F1E3B7C-2DD8-8A0B-317C-20A9922512E0}.Debug|Any CPU.Build.0 = Debug|Any CPU
		{0F1E3B7C-2DD8-8A0B-317C-20A9922512E0}.Release|Any CPU.ActiveCfg = Release|Any CPU
		{0F1E3B7C-2DD8-8A0B-317C-20A9922512E0}.Release|Any CPU.Build.0 = Release|Any CPU
		{8B0B8D83-805E-9032-0531-9E530A9A0CBE}.Debug|Any CPU.ActiveCfg = Debug|Any CPU
		{8B0B8D83-805E-9032-0531-9E530A9A0CBE}.Debug|Any CPU.Build.0 = Debug|Any CPU
		{8B0B8D83-805E-9032-0531-9E530A9A0CBE}.Release|Any CPU.ActiveCfg = Release|Any CPU
		{8B0B8D83-805E-9032-0531-9E530A9A0CBE}.Release|Any CPU.Build.0 = Release|Any CPU
		{0DB854C4-EA3F-A443-0F47-EA9F8C43D422}.Debug|Any CPU.ActiveCfg = Debug|Any CPU
		{0DB854C4-EA3F-A443-0F47-EA9F8C43D422}.Debug|Any CPU.Build.0 = Debug|Any CPU
		{0DB854C4-EA3F-A443-0F47-EA9F8C43D422}.Release|Any CPU.ActiveCfg = Release|Any CPU
		{0DB854C4-EA3F-A443-0F47-EA9F8C43D422}.Release|Any CPU.Build.0 = Release|Any CPU
		{D9F6ABFC-4FBE-E47D-2527-AA19A22D05D5}.Debug|Any CPU.ActiveCfg = Debug|Any CPU
		{D9F6ABFC-4FBE-E47D-2527-AA19A22D05D5}.Debug|Any CPU.Build.0 = Debug|Any CPU
		{D9F6ABFC-4FBE-E47D-2527-AA19A22D05D5}.Release|Any CPU.ActiveCfg = Release|Any CPU
		{D9F6ABFC-4FBE-E47D-2527-AA19A22D05D5}.Release|Any CPU.Build.0 = Release|Any CPU
	EndGlobalSection
	GlobalSection(SolutionProperties) = preSolution
		HideSolutionNode = FALSE
	EndGlobalSection
										GlobalSection(MonoDevelopProperties) = preSolution
		StartupItem = Assembly-CSharp.csproj
		Policies = $0
		$0.TextStylePolicy = $1
		$1.inheritsSet = null
		$1.scope = text/x-csharp
		$0.CSharpFormattingPolicy = $2
		$2.inheritsSet = Mono
		$2.inheritsScope = text/x-csharp
		$2.scope = text/x-csharp
		$0.TextStylePolicy = $3
		$3.FileWidth = 120
		$3.TabWidth = 4
		$3.EolMarker = Unix
		$3.inheritsSet = Mono
		$3.inheritsScope = text/plain
		$3.scope = text/plain
	EndGlobalSection

EndGlobal
