Microsoft Visual Studio Solution File, Format Version 11.00
# Visual Studio 2008

Project("{9CC5BEF9-13E1-12CC-6497-0C53E2D75DC5}") = "Drzwi", "Assembly-CSharp-firstpass.csproj", "{C74EAEE0-B05E-9BE7-3330-35D44CA65F0E}"
EndProject
Project("{9CC5BEF9-13E1-12CC-6497-0C53E2D75DC5}") = "Drzwi", "Assembly-CSharp.csproj", "{54372B7A-64CE-7C40-2170-46A9D90D0471}"
EndProject
Project("{9CC5BEF9-13E1-12CC-6497-0C53E2D75DC5}") = "Drzwi", "Assembly-UnityScript-firstpass.unityproj", "{F81CADDB-CDE0-097B-EFD3-7150031E8DDA}"
EndProject
Global
	GlobalSection(SolutionConfigurationPlatforms) = preSolution
		Debug|Any CPU = Debug|Any CPU
		Release|Any CPU = Release|Any CPU
	EndGlobalSection
	GlobalSection(ProjectConfigurationPlatforms) = postSolution
		{C74EAEE0-B05E-9BE7-3330-35D44CA65F0E}.Debug|Any CPU.ActiveCfg = Debug|Any CPU
		{C74EAEE0-B05E-9BE7-3330-35D44CA65F0E}.Debug|Any CPU.Build.0 = Debug|Any CPU
		{C74EAEE0-B05E-9BE7-3330-35D44CA65F0E}.Release|Any CPU.ActiveCfg = Release|Any CPU
		{C74EAEE0-B05E-9BE7-3330-35D44CA65F0E}.Release|Any CPU.Build.0 = Release|Any CPU
		{54372B7A-64CE-7C40-2170-46A9D90D0471}.Debug|Any CPU.ActiveCfg = Debug|Any CPU
		{54372B7A-64CE-7C40-2170-46A9D90D0471}.Debug|Any CPU.Build.0 = Debug|Any CPU
		{54372B7A-64CE-7C40-2170-46A9D90D0471}.Release|Any CPU.ActiveCfg = Release|Any CPU
		{54372B7A-64CE-7C40-2170-46A9D90D0471}.Release|Any CPU.Build.0 = Release|Any CPU
		{F81CADDB-CDE0-097B-EFD3-7150031E8DDA}.Debug|Any CPU.ActiveCfg = Debug|Any CPU
		{F81CADDB-CDE0-097B-EFD3-7150031E8DDA}.Debug|Any CPU.Build.0 = Debug|Any CPU
		{F81CADDB-CDE0-097B-EFD3-7150031E8DDA}.Release|Any CPU.ActiveCfg = Release|Any CPU
		{F81CADDB-CDE0-097B-EFD3-7150031E8DDA}.Release|Any CPU.Build.0 = Release|Any CPU
	EndGlobalSection
	GlobalSection(SolutionProperties) = preSolution
		HideSolutionNode = FALSE
	EndGlobalSection
																														GlobalSection(MonoDevelopProperties) = preSolution
		StartupItem = Assembly-CSharp.csproj
		Policies = $0
		$0.TextStylePolicy = $1
		$1.inheritsSet = null
		$1.scope = text/x-csharp
		$0.CSharpFormattingPolicy = $2
		$2.inheritsSet = Mono
		$2.inheritsScope = text/x-csharp
		$2.scope = text/x-csharp
		$0.TextStylePolicy = $3
		$3.FileWidth = 120
		$3.TabWidth = 4
		$3.EolMarker = Unix
		$3.inheritsSet = Mono
		$3.inheritsScope = text/plain
		$3.scope = text/plain
	EndGlobalSection

EndGlobal
